github.com/arangodb/go-driver v0.0.0-20190514134119-4cd2eb482d16/go.mod h1:5nMxlcbN6PHA05uGUw2EH6PIQHvdRVTrg/S/GM8jG4w=
github.com/arangodb/go-velocypack v0.0.0-20190129082528-7896a965b4ad/go.mod h1:7QCjpWXdB49P6fql1CxmsBWd8z/T4L4pqFLTnc10xNM=
github.com/arangodb/go-velocypack v0.0.0-20190507125159-f60205f092de/go.mod h1:IDtzKmgAb7oPLaVwzYeXWPEBm5RfIG02gHdFxoJMJqU=
github.com/davecgh/go-spew v1.1.0/go.mod h1:J7Y8YcW2NihsgmVo/mv3lAwl/skON4iLHjSsI+c5H38=
github.com/davecgh/go-spew v1.1.1/go.mod h1:J7Y8YcW2NihsgmVo/mv3lAwl/skON4iLHjSsI+c5H38=
github.com/dgrijalva/jwt-go v3.2.0+incompatible/go.mod h1:E3ru+11k8xSBh+hMPgOLZmtrrCbhqsmaPHjLKYnJCaQ=
github.com/gorilla/mux v1.7.1 h1:Dw4jY2nghMMRsh1ol8dv1axHkDwMQK2DHerMNJsIpJU=
github.com/gorilla/mux v1.7.1/go.mod h1:1lud6UwP+6orDFRuTfBEV8e9/aOM/c4fVVCaMa2zaAs=
github.com/pmezard/go-difflib v1.0.0/go.mod h1:iKH77koFhYxTK1pcRnkKkqfTogsbg7gZNVY4sRDYZ/4=
github.com/stretchr/objx v0.1.0/go.mod h1:HFkY916IF+rwdDfMAkV7OtwuqBVzrE8GR6GFx+wExME=
github.com/stretchr/objx v0.2.0/go.mod h1:qt09Ya8vawLte6SNmTgCsAVtYtaKzEcn8ATUoHMkEqE=
github.com/stretchr/testify v1.2.2/go.mod h1:a8OnRcib4nhh0OaRAV+Yts87kKdq0PP7pXfy6kDkUVs=
github.com/stretchr/testify v1.3.0/go.mod h1:M5WIy9Dh21IEIfnGCwXGc5bZfKNJtfHm1UVUgZn+9EI=
gitlab.com/truecord_team/common v0.0.2 h1:ueWw4t6CG0Awe5QYF6Sazgn5PWItmVR8gREbvVwl+9k=
gitlab.com/truecord_team/common v0.0.2/go.mod h1:lyuOWzxtIID4p3VbmOjZz+KY4nIt0q4h0p1mm39bafQ=
